<Solution>
  <Project Path="ConexaoDinamica.API/ConexaoDinamica.API.csproj" />
  <Project Path="ConexaoDinamica.Application/ConexaoDinamica.Application.csproj" />
  <Project Path="ConexaoDinamica.Domain/ConexaoDinamica.Domain.csproj" />
  <Project Path="ConexaoDinamica.Infrastructure/ConexaoDinamica.Infrastructure.csproj" />
</Solution>
